
Microsoft Visual Studio Solution File, Format Version 12.00
# Visual Studio Version 17
VisualStudioVersion = 17.5.33414.496
MinimumVisualStudioVersion = 10.0.40219.1
Project("{FAE04EC0-301F-11D3-BF4B-00C04F79EFBC}") = "Exercicio1-Pessoas", "Exercicio1-Pessoas\Exercicio1-Pessoas.csproj", "{D5C115BB-84C1-415A-B14E-BC360A6FF118}"
EndProject
Global
	GlobalSection(SolutionConfigurationPlatforms) = preSolution
		Debug|Any CPU = Debug|Any CPU
		Release|Any CPU = Release|Any CPU
	EndGlobalSection
	GlobalSection(ProjectConfigurationPlatforms) = postSolution
		{D5C115BB-84C1-415A-B14E-BC360A6FF118}.Debug|Any CPU.ActiveCfg = Debug|Any CPU
		{D5C115BB-84C1-415A-B14E-BC360A6FF118}.Debug|Any CPU.Build.0 = Debug|Any CPU
		{D5C115BB-84C1-415A-B14E-BC360A6FF118}.Release|Any CPU.ActiveCfg = Release|Any CPU
		{D5C115BB-84C1-415A-B14E-BC360A6FF118}.Release|Any CPU.Build.0 = Release|Any CPU
	EndGlobalSection
	GlobalSection(SolutionProperties) = preSolution
		HideSolutionNode = FALSE
	EndGlobalSection
	GlobalSection(ExtensibilityGlobals) = postSolution
		SolutionGuid = {42F42373-B715-4308-8392-4A9BEB9D1DBA}
	EndGlobalSection
EndGlobal
